
Microsoft Visual Studio Solution File, Format Version 12.00
# Visual Studio Version 16
VisualStudioVersion = 16.0.33328.57
MinimumVisualStudioVersion = 10.0.40219.1
Project("{FAE04EC0-301F-11D3-BF4B-00C04F79EFBC}") = "jess", "jess\jess.csproj", "{8AB529E3-DCC2-4C65-AB1A-C3CAB3EA2E01}"
EndProject
Global
	GlobalSection(SolutionConfigurationPlatforms) = preSolution
		Debug|Any CPU = Debug|Any CPU
		Release|Any CPU = Release|Any CPU
	EndGlobalSection
	GlobalSection(ProjectConfigurationPlatforms) = postSolution
		{8AB529E3-DCC2-4C65-AB1A-C3CAB3EA2E01}.Debug|Any CPU.ActiveCfg = Debug|Any CPU
		{8AB529E3-DCC2-4C65-AB1A-C3CAB3EA2E01}.Debug|Any CPU.Build.0 = Debug|Any CPU
		{8AB529E3-DCC2-4C65-AB1A-C3CAB3EA2E01}.Release|Any CPU.ActiveCfg = Release|Any CPU
		{8AB529E3-DCC2-4C65-AB1A-C3CAB3EA2E01}.Release|Any CPU.Build.0 = Release|Any CPU
	EndGlobalSection
	GlobalSection(SolutionProperties) = preSolution
		HideSolutionNode = FALSE
	EndGlobalSection
	GlobalSection(ExtensibilityGlobals) = postSolution
		SolutionGuid = {F67ED29F-82BA-4832-8C13-DA1F8E297392}
	EndGlobalSection
EndGlobal
